
Microsoft Visual Studio Solution File, Format Version 12.00
# Visual Studio Version 17
VisualStudioVersion = 17.9.34622.214
MinimumVisualStudioVersion = 10.0.40219.1
Project("{FAE04EC0-301F-11D3-BF4B-00C04F79EFBC}") = "injector", "injector.csproj", "{D39AC4E7-BDAA-464D-94B6-5487D187ABC9}"
EndProject
Global
	GlobalSection(SolutionConfigurationPlatforms) = preSolution
		Debug|Any CPU = Debug|Any CPU
		Release|Any CPU = Release|Any CPU
	EndGlobalSection
	GlobalSection(ProjectConfigurationPlatforms) = postSolution
		{D39AC4E7-BDAA-464D-94B6-5487D187ABC9}.Debug|Any CPU.ActiveCfg = Debug|Any CPU
		{D39AC4E7-BDAA-464D-94B6-5487D187ABC9}.Debug|Any CPU.Build.0 = Debug|Any CPU
		{D39AC4E7-BDAA-464D-94B6-5487D187ABC9}.Release|Any CPU.ActiveCfg = Release|Any CPU
		{D39AC4E7-BDAA-464D-94B6-5487D187ABC9}.Release|Any CPU.Build.0 = Release|Any CPU
	EndGlobalSection
	GlobalSection(SolutionProperties) = preSolution
		HideSolutionNode = FALSE
	EndGlobalSection
	GlobalSection(ExtensibilityGlobals) = postSolution
		SolutionGuid = {D9ABA7A0-63AD-4973-B82A-23E47C4130F7}
	EndGlobalSection
EndGlobal
